
Microsoft Visual Studio Solution File, Format Version 12.00
# Visual Studio 14
VisualStudioVersion = 14.0.25420.1
MinimumVisualStudioVersion = 10.0.40219.1
Project("{FAE04EC0-301F-11D3-BF4B-00C04F79EFBC}") = "BasicsConstruct", "BasicConstruct\BasicsConstruct.csproj", "{3F9F8382-AA46-4688-8634-C4C9BF6015F0}"
EndProject
Project("{FAE04EC0-301F-11D3-BF4B-00C04F79EFBC}") = "BasicConstructClassLibrary", "BasicConstructClassLibrary\BasicConstructClassLibrary.csproj", "{315A7E81-0F18-43BD-B2E2-C910CB1FFE4F}"
EndProject
Project("{2150E333-8FDC-42A3-9474-1A3956D46DE8}") = "Sample_Output", "Sample_Output", "{A035CAE3-A975-4335-9267-AEBF914A9471}"
	ProjectSection(SolutionItems) = preProject
		BasicConstruct_output.txt = BasicConstruct_output.txt
	EndProjectSection
EndProject
Global
	GlobalSection(SolutionConfigurationPlatforms) = preSolution
		Debug|Any CPU = Debug|Any CPU
		Release|Any CPU = Release|Any CPU
	EndGlobalSection
	GlobalSection(ProjectConfigurationPlatforms) = postSolution
		{3F9F8382-AA46-4688-8634-C4C9BF6015F0}.Debug|Any CPU.ActiveCfg = Debug|Any CPU
		{3F9F8382-AA46-4688-8634-C4C9BF6015F0}.Debug|Any CPU.Build.0 = Debug|Any CPU
		{3F9F8382-AA46-4688-8634-C4C9BF6015F0}.Release|Any CPU.ActiveCfg = Release|Any CPU
		{3F9F8382-AA46-4688-8634-C4C9BF6015F0}.Release|Any CPU.Build.0 = Release|Any CPU
		{315A7E81-0F18-43BD-B2E2-C910CB1FFE4F}.Debug|Any CPU.ActiveCfg = Debug|Any CPU
		{315A7E81-0F18-43BD-B2E2-C910CB1FFE4F}.Debug|Any CPU.Build.0 = Debug|Any CPU
		{315A7E81-0F18-43BD-B2E2-C910CB1FFE4F}.Release|Any CPU.ActiveCfg = Release|Any CPU
		{315A7E81-0F18-43BD-B2E2-C910CB1FFE4F}.Release|Any CPU.Build.0 = Release|Any CPU
	EndGlobalSection
	GlobalSection(SolutionProperties) = preSolution
		HideSolutionNode = FALSE
	EndGlobalSection
EndGlobal
